
Microsoft Visual Studio Solution File, Format Version 12.00
# Visual Studio Version 16
VisualStudioVersion = 16.0.31424.327
MinimumVisualStudioVersion = 10.0.40219.1
Project("{FAE04EC0-301F-11D3-BF4B-00C04F79EFBC}") = "Semana4-primer-proyecto-formularios-vcsharp", "Semana4-primer-proyecto-formularios-vcsharp.csproj", "{BCE932B5-42A9-4E51-9E2A-39B4090BE35A}"
EndProject
Global
	GlobalSection(SolutionConfigurationPlatforms) = preSolution
		Debug|Any CPU = Debug|Any CPU
		Release|Any CPU = Release|Any CPU
	EndGlobalSection
	GlobalSection(ProjectConfigurationPlatforms) = postSolution
		{BCE932B5-42A9-4E51-9E2A-39B4090BE35A}.Debug|Any CPU.ActiveCfg = Debug|Any CPU
		{BCE932B5-42A9-4E51-9E2A-39B4090BE35A}.Debug|Any CPU.Build.0 = Debug|Any CPU
		{BCE932B5-42A9-4E51-9E2A-39B4090BE35A}.Release|Any CPU.ActiveCfg = Release|Any CPU
		{BCE932B5-42A9-4E51-9E2A-39B4090BE35A}.Release|Any CPU.Build.0 = Release|Any CPU
	EndGlobalSection
	GlobalSection(SolutionProperties) = preSolution
		HideSolutionNode = FALSE
	EndGlobalSection
	GlobalSection(ExtensibilityGlobals) = postSolution
		SolutionGuid = {6AC410DD-9B29-45D3-AFAA-3CF0D63B8785}
	EndGlobalSection
EndGlobal
